
Microsoft Visual Studio Solution File, Format Version 12.00
# Visual Studio Version 17
VisualStudioVersion = 17.11.35312.102
MinimumVisualStudioVersion = 10.0.40219.1
Project("{FAE04EC0-301F-11D3-BF4B-00C04F79EFBC}") = "TodoBackend.Presentation", "TodoBackend.Presentation\TodoBackend.Presentation.csproj", "{4ACCC020-4D26-4A97-9A6E-D2EA49053039}"
EndProject
Project("{FAE04EC0-301F-11D3-BF4B-00C04F79EFBC}") = "TodoBackend.Application", "TodoBackend.Application\TodoBackend.Application.csproj", "{602AB294-4807-4540-B22D-1F159511C575}"
EndProject
Project("{FAE04EC0-301F-11D3-BF4B-00C04F79EFBC}") = "TodoBackend.Infrastructure", "TodoBackend.Infrastructure\TodoBackend.Infrastructure.csproj", "{734D9D09-442C-4D9F-820E-7AACE84EB99F}"
EndProject
Project("{FAE04EC0-301F-11D3-BF4B-00C04F79EFBC}") = "TodoBackend.Tests", "TodoBackend.Tests\TodoBackend.Tests.csproj", "{A7DC8ACA-900A-497F-955A-F3A095F5810B}"
EndProject
Global
	GlobalSection(SolutionConfigurationPlatforms) = preSolution
		Debug|Any CPU = Debug|Any CPU
		Release|Any CPU = Release|Any CPU
	EndGlobalSection
	GlobalSection(ProjectConfigurationPlatforms) = postSolution
		{4ACCC020-4D26-4A97-9A6E-D2EA49053039}.Debug|Any CPU.ActiveCfg = Debug|Any CPU
		{4ACCC020-4D26-4A97-9A6E-D2EA49053039}.Debug|Any CPU.Build.0 = Debug|Any CPU
		{4ACCC020-4D26-4A97-9A6E-D2EA49053039}.Release|Any CPU.ActiveCfg = Release|Any CPU
		{4ACCC020-4D26-4A97-9A6E-D2EA49053039}.Release|Any CPU.Build.0 = Release|Any CPU
		{602AB294-4807-4540-B22D-1F159511C575}.Debug|Any CPU.ActiveCfg = Debug|Any CPU
		{602AB294-4807-4540-B22D-1F159511C575}.Debug|Any CPU.Build.0 = Debug|Any CPU
		{602AB294-4807-4540-B22D-1F159511C575}.Release|Any CPU.ActiveCfg = Release|Any CPU
		{602AB294-4807-4540-B22D-1F159511C575}.Release|Any CPU.Build.0 = Release|Any CPU
		{734D9D09-442C-4D9F-820E-7AACE84EB99F}.Debug|Any CPU.ActiveCfg = Debug|Any CPU
		{734D9D09-442C-4D9F-820E-7AACE84EB99F}.Debug|Any CPU.Build.0 = Debug|Any CPU
		{734D9D09-442C-4D9F-820E-7AACE84EB99F}.Release|Any CPU.ActiveCfg = Release|Any CPU
		{734D9D09-442C-4D9F-820E-7AACE84EB99F}.Release|Any CPU.Build.0 = Release|Any CPU
		{A7DC8ACA-900A-497F-955A-F3A095F5810B}.Debug|Any CPU.ActiveCfg = Debug|Any CPU
		{A7DC8ACA-900A-497F-955A-F3A095F5810B}.Debug|Any CPU.Build.0 = Debug|Any CPU
		{A7DC8ACA-900A-497F-955A-F3A095F5810B}.Release|Any CPU.ActiveCfg = Release|Any CPU
		{A7DC8ACA-900A-497F-955A-F3A095F5810B}.Release|Any CPU.Build.0 = Release|Any CPU
	EndGlobalSection
	GlobalSection(SolutionProperties) = preSolution
		HideSolutionNode = FALSE
	EndGlobalSection
	GlobalSection(ExtensibilityGlobals) = postSolution
		SolutionGuid = {C8E8634F-73B8-4758-AF05-32B19DACB28E}
	EndGlobalSection
EndGlobal
